
Microsoft Visual Studio Solution File, Format Version 12.00
# Visual Studio 15
VisualStudioVersion = 15.0.26228.4
MinimumVisualStudioVersion = 10.0.40219.1
Project("{FAE04EC0-301F-11D3-BF4B-00C04F79EFBC}") = "Server", "Server\Server.csproj", "{02FF0EEA-E8A5-497C-8C54-3DEA141EDC08}"
EndProject
Project("{FAE04EC0-301F-11D3-BF4B-00C04F79EFBC}") = "Client", "Client\Client.csproj", "{C038FAFD-F60D-450D-88DE-DEAC8F5D8C87}"
EndProject
Global
	GlobalSection(SolutionConfigurationPlatforms) = preSolution
		Debug|Any CPU = Debug|Any CPU
		Release|Any CPU = Release|Any CPU
	EndGlobalSection
	GlobalSection(ProjectConfigurationPlatforms) = postSolution
		{02FF0EEA-E8A5-497C-8C54-3DEA141EDC08}.Debug|Any CPU.ActiveCfg = Debug|Any CPU
		{02FF0EEA-E8A5-497C-8C54-3DEA141EDC08}.Debug|Any CPU.Build.0 = Debug|Any CPU
		{02FF0EEA-E8A5-497C-8C54-3DEA141EDC08}.Release|Any CPU.ActiveCfg = Release|Any CPU
		{02FF0EEA-E8A5-497C-8C54-3DEA141EDC08}.Release|Any CPU.Build.0 = Release|Any CPU
		{C038FAFD-F60D-450D-88DE-DEAC8F5D8C87}.Debug|Any CPU.ActiveCfg = Debug|Any CPU
		{C038FAFD-F60D-450D-88DE-DEAC8F5D8C87}.Debug|Any CPU.Build.0 = Debug|Any CPU
		{C038FAFD-F60D-450D-88DE-DEAC8F5D8C87}.Release|Any CPU.ActiveCfg = Release|Any CPU
		{C038FAFD-F60D-450D-88DE-DEAC8F5D8C87}.Release|Any CPU.Build.0 = Release|Any CPU
	EndGlobalSection
	GlobalSection(SolutionProperties) = preSolution
		HideSolutionNode = FALSE
	EndGlobalSection
EndGlobal
